
Microsoft Visual Studio Solution File, Format Version 12.00
# Visual Studio 15
VisualStudioVersion = 15.0.28010.2016
MinimumVisualStudioVersion = 10.0.40219.1
Project("{159641D6-6404-4A2A-AE62-294DE0FE8301}") = "AdventureWorksLT ETL Prototype", "AdventureWorksLT ETL Prototype\AdventureWorksLT ETL Prototype.dtproj", "{D6970263-75DD-4725-A7E8-ED73B9728969}"
EndProject
Global
	GlobalSection(SolutionConfigurationPlatforms) = preSolution
		Development|Default = Development|Default
	EndGlobalSection
	GlobalSection(ProjectConfigurationPlatforms) = postSolution
		{D6970263-75DD-4725-A7E8-ED73B9728969}.Development|Default.ActiveCfg = Development
		{D6970263-75DD-4725-A7E8-ED73B9728969}.Development|Default.Build.0 = Development
	EndGlobalSection
	GlobalSection(SolutionProperties) = preSolution
		HideSolutionNode = FALSE
	EndGlobalSection
	GlobalSection(ExtensibilityGlobals) = postSolution
		SolutionGuid = {D3FB9B07-AC1E-49CC-9181-674CC2C892B2}
	EndGlobalSection
EndGlobal
